// !$*UTF8*$!
{
	archiveVersion = 1;
	classes = {
	};
	objectVersion = 56;
	objects = {

/* Begin PBXBuildFile section */
		6A0A9322269D152A9184ED36 /* Pods_AlamofireApiTableViewSearch.framework in Frameworks */ = {isa = PBXBuildFile; fileRef = 0FF0B3331AFC26735274B7FF /* Pods_AlamofireApiTableViewSearch.framework */; };
		EC37D25A2912A78200FF3417 /* UILabel + Extensoins.swift in Sources */ = {isa = PBXBuildFile; fileRef = EC37D2592912A78200FF3417 /* UILabel + Extensoins.swift */; };
		EC37D25D2912B4F700FF3417 /* Metric.swift in Sources */ = {isa = PBXBuildFile; fileRef = EC37D25C2912B4F700FF3417 /* Metric.swift */; };
		EC9CCB4C29124D1E006C9D35 /* AppDelegate.swift in Sources */ = {isa = PBXBuildFile; fileRef = EC9CCB4B29124D1E006C9D35 /* AppDelegate.swift */; };
		EC9CCB5529124D1F006C9D35 /* Assets.xcassets in Resources */ = {isa = PBXBuildFile; fileRef = EC9CCB5429124D1F006C9D35 /* Assets.xcassets */; };
		EC9CCB5829124D1F006C9D35 /* LaunchScreen.storyboard in Resources */ = {isa = PBXBuildFile; fileRef = EC9CCB5629124D1F006C9D35 /* LaunchScreen.storyboard */; };
		EC9CCB672912544F006C9D35 /* Characters.swift in Sources */ = {isa = PBXBuildFile; fileRef = EC9CCB662912544F006C9D35 /* Characters.swift */; };
		EC9CCB6929125495006C9D35 /* CustomTableViewCell.swift in Sources */ = {isa = PBXBuildFile; fileRef = EC9CCB6829125495006C9D35 /* CustomTableViewCell.swift */; };
		EC9CCB71291278D1006C9D35 /* DetailViewController.swift in Sources */ = {isa = PBXBuildFile; fileRef = EC9CCB70291278D1006C9D35 /* DetailViewController.swift */; };
		ECBF2BE1291A6F5A00E3174A /* DetailPresenter.swift in Sources */ = {isa = PBXBuildFile; fileRef = ECBF2BE0291A6F5A00E3174A /* DetailPresenter.swift */; };
		ECCDC1102919AA5300E88C34 /* MainPresenter.swift in Sources */ = {isa = PBXBuildFile; fileRef = ECCDC10F2919AA5300E88C34 /* MainPresenter.swift */; };
		ECCDC1122919AA6300E88C34 /* MainViewController.swift in Sources */ = {isa = PBXBuildFile; fileRef = ECCDC1112919AA6300E88C34 /* MainViewController.swift */; };
/* End PBXBuildFile section */

/* Begin PBXFileReference section */
		0FF0B3331AFC26735274B7FF /* Pods_AlamofireApiTableViewSearch.framework */ = {isa = PBXFileReference; explicitFileType = wrapper.framework; includeInIndex = 0; path = Pods_AlamofireApiTableViewSearch.framework; sourceTree = BUILT_PRODUCTS_DIR; };
		968E4EE27AB25A27F55AB744 /* Pods-AlamofireApiTableViewSearch.debug.xcconfig */ = {isa = PBXFileReference; includeInIndex = 1; lastKnownFileType = text.xcconfig; name = "Pods-AlamofireApiTableViewSearch.debug.xcconfig"; path = "Target Support Files/Pods-AlamofireApiTableViewSearch/Pods-AlamofireApiTableViewSearch.debug.xcconfig"; sourceTree = "<group>"; };
		EC37D2592912A78200FF3417 /* UILabel + Extensoins.swift */ = {isa = PBXFileReference; lastKnownFileType = sourcecode.swift; path = "UILabel + Extensoins.swift"; sourceTree = "<group>"; };
		EC37D25C2912B4F700FF3417 /* Metric.swift */ = {isa = PBXFileReference; lastKnownFileType = sourcecode.swift; path = Metric.swift; sourceTree = "<group>"; };
		EC9CCB4829124D1E006C9D35 /* AlamofireApiTableViewSearch.app */ = {isa = PBXFileReference; explicitFileType = wrapper.application; includeInIndex = 0; path = AlamofireApiTableViewSearch.app; sourceTree = BUILT_PRODUCTS_DIR; };
		EC9CCB4B29124D1E006C9D35 /* AppDelegate.swift */ = {isa = PBXFileReference; lastKnownFileType = sourcecode.swift; path = AppDelegate.swift; sourceTree = "<group>"; };
		EC9CCB5429124D1F006C9D35 /* Assets.xcassets */ = {isa = PBXFileReference; lastKnownFileType = folder.assetcatalog; path = Assets.xcassets; sourceTree = "<group>"; };
		EC9CCB5729124D1F006C9D35 /* Base */ = {isa = PBXFileReference; lastKnownFileType = file.storyboard; name = Base; path = Base.lproj/LaunchScreen.storyboard; sourceTree = "<group>"; };
		EC9CCB5929124D1F006C9D35 /* Info.plist */ = {isa = PBXFileReference; lastKnownFileType = text.plist.xml; path = Info.plist; sourceTree = "<group>"; };
		EC9CCB662912544F006C9D35 /* Characters.swift */ = {isa = PBXFileReference; lastKnownFileType = sourcecode.swift; path = Characters.swift; sourceTree = "<group>"; };
		EC9CCB6829125495006C9D35 /* CustomTableViewCell.swift */ = {isa = PBXFileReference; lastKnownFileType = sourcecode.swift; path = CustomTableViewCell.swift; sourceTree = "<group>"; };
		EC9CCB70291278D1006C9D35 /* DetailViewController.swift */ = {isa = PBXFileReference; lastKnownFileType = sourcecode.swift; path = DetailViewController.swift; sourceTree = "<group>"; };
		ECBF2BE0291A6F5A00E3174A /* DetailPresenter.swift */ = {isa = PBXFileReference; lastKnownFileType = sourcecode.swift; path = DetailPresenter.swift; sourceTree = "<group>"; };
		ECCDC10F2919AA5300E88C34 /* MainPresenter.swift */ = {isa = PBXFileReference; lastKnownFileType = sourcecode.swift; path = MainPresenter.swift; sourceTree = "<group>"; };
		ECCDC1112919AA6300E88C34 /* MainViewController.swift */ = {isa = PBXFileReference; lastKnownFileType = sourcecode.swift; name = MainViewController.swift; path = "../../../../../New Group/MainViewController.swift"; sourceTree = "<group>"; };
		FE6425BA6240162473B4B887 /* Pods-AlamofireApiTableViewSearch.release.xcconfig */ = {isa = PBXFileReference; includeInIndex = 1; lastKnownFileType = text.xcconfig; name = "Pods-AlamofireApiTableViewSearch.release.xcconfig"; path = "Target Support Files/Pods-AlamofireApiTableViewSearch/Pods-AlamofireApiTableViewSearch.release.xcconfig"; sourceTree = "<group>"; };
/* End PBXFileReference section */

/* Begin PBXFrameworksBuildPhase section */
		EC9CCB4529124D1E006C9D35 /* Frameworks */ = {
			isa = PBXFrameworksBuildPhase;
			buildActionMask = 2147483647;
			files = (
				6A0A9322269D152A9184ED36 /* Pods_AlamofireApiTableViewSearch.framework in Frameworks */,
			);
			runOnlyForDeploymentPostprocessing = 0;
		};
/* End PBXFrameworksBuildPhase section */

/* Begin PBXGroup section */
		53E6676DF6EC2BD54938DB6A /* Frameworks */ = {
			isa = PBXGroup;
			children = (
				0FF0B3331AFC26735274B7FF /* Pods_AlamofireApiTableViewSearch.framework */,
			);
			name = Frameworks;
			sourceTree = "<group>";
		};
		8E63C791FBFB7397BB350DD3 /* Pods */ = {
			isa = PBXGroup;
			children = (
				968E4EE27AB25A27F55AB744 /* Pods-AlamofireApiTableViewSearch.debug.xcconfig */,
				FE6425BA6240162473B4B887 /* Pods-AlamofireApiTableViewSearch.release.xcconfig */,
			);
			path = Pods;
			sourceTree = "<group>";
		};
		EC37D25B2912B4E900FF3417 /* Metric */ = {
			isa = PBXGroup;
			children = (
				EC37D25C2912B4F700FF3417 /* Metric.swift */,
			);
			path = Metric;
			sourceTree = "<group>";
		};
		EC9CCB3F29124D1E006C9D35 = {
			isa = PBXGroup;
			children = (
				EC9CCB4A29124D1E006C9D35 /* AlamofireApiTableViewSearch */,
				ECCDC10E2919AA3300E88C34 /* New Group */,
				EC9CCB4929124D1E006C9D35 /* Products */,
				8E63C791FBFB7397BB350DD3 /* Pods */,
				53E6676DF6EC2BD54938DB6A /* Frameworks */,
			);
			sourceTree = "<group>";
		};
		EC9CCB4929124D1E006C9D35 /* Products */ = {
			isa = PBXGroup;
			children = (
				EC9CCB4829124D1E006C9D35 /* AlamofireApiTableViewSearch.app */,
			);
			name = Products;
			sourceTree = "<group>";
		};
		EC9CCB4A29124D1E006C9D35 /* AlamofireApiTableViewSearch */ = {
			isa = PBXGroup;
			children = (
				EC9CCB6129125088006C9D35 /* Sources */,
				EC9CCB6029125082006C9D35 /* Resources */,
			);
			path = AlamofireApiTableViewSearch;
			sourceTree = "<group>";
		};
		EC9CCB5F2912507D006C9D35 /* App */ = {
			isa = PBXGroup;
			children = (
				EC9CCB4B29124D1E006C9D35 /* AppDelegate.swift */,
			);
			path = App;
			sourceTree = "<group>";
		};
		EC9CCB6029125082006C9D35 /* Resources */ = {
			isa = PBXGroup;
			children = (
				EC9CCB5429124D1F006C9D35 /* Assets.xcassets */,
				EC9CCB5629124D1F006C9D35 /* LaunchScreen.storyboard */,
				EC9CCB5929124D1F006C9D35 /* Info.plist */,
			);
			path = Resources;
			sourceTree = "<group>";
		};
		EC9CCB6129125088006C9D35 /* Sources */ = {
			isa = PBXGroup;
			children = (
				EC9CCB5F2912507D006C9D35 /* App */,
				ECD5DBC92917DA3D004D72E9 /* Scene */,
				EC9CCB6D2912707E006C9D35 /* Extensions + Metric */,
			);
			path = Sources;
			sourceTree = "<group>";
		};
		EC9CCB6229125093006C9D35 /* Controllers */ = {
			isa = PBXGroup;
			children = (
				ECCDC1112919AA6300E88C34 /* MainViewController.swift */,
			);
			path = Controllers;
			sourceTree = "<group>";
		};
		EC9CCB63291250A0006C9D35 /* Cell */ = {
			isa = PBXGroup;
			children = (
				EC9CCB6829125495006C9D35 /* CustomTableViewCell.swift */,
			);
			path = Cell;
			sourceTree = "<group>";
		};
		EC9CCB6529125127006C9D35 /* Model */ = {
			isa = PBXGroup;
			children = (
				EC9CCB662912544F006C9D35 /* Characters.swift */,
			);
			path = Model;
			sourceTree = "<group>";
		};
		EC9CCB6C291254C4006C9D35 /* Main */ = {
			isa = PBXGroup;
			children = (
				EC9CCB6529125127006C9D35 /* Model */,
				EC9CCB63291250A0006C9D35 /* Cell */,
				EC9CCB6229125093006C9D35 /* Controllers */,
				ECD5DBC42917D8B5004D72E9 /* MainPresenter */,
			);
			path = Main;
			sourceTree = "<group>";
		};
		EC9CCB6D2912707E006C9D35 /* Extensions + Metric */ = {
			isa = PBXGroup;
			children = (
				EC37D2592912A78200FF3417 /* UILabel + Extensoins.swift */,
				EC37D25B2912B4E900FF3417 /* Metric */,
			);
			path = "Extensions + Metric";
			sourceTree = "<group>";
		};
		ECB89038291A8A8E0018313F /* DetailPresenter */ = {
			isa = PBXGroup;
			children = (
				ECBF2BE0291A6F5A00E3174A /* DetailPresenter.swift */,
			);
			path = DetailPresenter;
			sourceTree = "<group>";
		};
		ECB89039291A8AAB0018313F /* Detail */ = {
			isa = PBXGroup;
			children = (
				ECD5DBC82917D9BC004D72E9 /* DetailViewController */,
				ECB89038291A8A8E0018313F /* DetailPresenter */,
			);
			path = Detail;
			sourceTree = "<group>";
		};
		ECCDC10E2919AA3300E88C34 /* New Group */ = {
			isa = PBXGroup;
			children = (
			);
			path = "New Group";
			sourceTree = "<group>";
		};
		ECD5DBC42917D8B5004D72E9 /* MainPresenter */ = {
			isa = PBXGroup;
			children = (
				ECCDC10F2919AA5300E88C34 /* MainPresenter.swift */,
			);
			path = MainPresenter;
			sourceTree = "<group>";
		};
		ECD5DBC82917D9BC004D72E9 /* DetailViewController */ = {
			isa = PBXGroup;
			children = (
				EC9CCB70291278D1006C9D35 /* DetailViewController.swift */,
			);
			path = DetailViewController;
			sourceTree = "<group>";
		};
		ECD5DBC92917DA3D004D72E9 /* Scene */ = {
			isa = PBXGroup;
			children = (
				EC9CCB6C291254C4006C9D35 /* Main */,
				ECB89039291A8AAB0018313F /* Detail */,
			);
			path = Scene;
			sourceTree = "<group>";
		};
/* End PBXGroup section */

/* Begin PBXNativeTarget section */
		EC9CCB4729124D1E006C9D35 /* AlamofireApiTableViewSearch */ = {
			isa = PBXNativeTarget;
			buildConfigurationList = EC9CCB5C29124D1F006C9D35 /* Build configuration list for PBXNativeTarget "AlamofireApiTableViewSearch" */;
			buildPhases = (
				562DA876C13093C93121C031 /* [CP] Check Pods Manifest.lock */,
				EC9CCB4429124D1E006C9D35 /* Sources */,
				EC9CCB4529124D1E006C9D35 /* Frameworks */,
				EC9CCB4629124D1E006C9D35 /* Resources */,
				430E263A6A3553183B555169 /* [CP] Embed Pods Frameworks */,
			);
			buildRules = (
			);
			dependencies = (
			);
			name = AlamofireApiTableViewSearch;
			productName = AlamofireApiTableViewSearch;
			productReference = EC9CCB4829124D1E006C9D35 /* AlamofireApiTableViewSearch.app */;
			productType = "com.apple.product-type.application";
		};
/* End PBXNativeTarget section */

/* Begin PBXProject section */
		EC9CCB4029124D1E006C9D35 /* Project object */ = {
			isa = PBXProject;
			attributes = {
				BuildIndependentTargetsInParallel = 1;
				LastSwiftUpdateCheck = 1400;
				LastUpgradeCheck = 1400;
				TargetAttributes = {
					EC9CCB4729124D1E006C9D35 = {
						CreatedOnToolsVersion = 14.0.1;
					};
				};
			};
			buildConfigurationList = EC9CCB4329124D1E006C9D35 /* Build configuration list for PBXProject "AlamofireApiTableViewSearch" */;
			compatibilityVersion = "Xcode 14.0";
			developmentRegion = en;
			hasScannedForEncodings = 0;
			knownRegions = (
				en,
				Base,
			);
			mainGroup = EC9CCB3F29124D1E006C9D35;
			productRefGroup = EC9CCB4929124D1E006C9D35 /* Products */;
			projectDirPath = "";
			projectRoot = "";
			targets = (
				EC9CCB4729124D1E006C9D35 /* AlamofireApiTableViewSearch */,
			);
		};
/* End PBXProject section */

/* Begin PBXResourcesBuildPhase section */
		EC9CCB4629124D1E006C9D35 /* Resources */ = {
			isa = PBXResourcesBuildPhase;
			buildActionMask = 2147483647;
			files = (
				EC9CCB5829124D1F006C9D35 /* LaunchScreen.storyboard in Resources */,
				EC9CCB5529124D1F006C9D35 /* Assets.xcassets in Resources */,
			);
			runOnlyForDeploymentPostprocessing = 0;
		};
/* End PBXResourcesBuildPhase section */

/* Begin PBXShellScriptBuildPhase section */
		430E263A6A3553183B555169 /* [CP] Embed Pods Frameworks */ = {
			isa = PBXShellScriptBuildPhase;
			buildActionMask = 2147483647;
			files = (
			);
			inputFileListPaths = (
				"${PODS_ROOT}/Target Support Files/Pods-AlamofireApiTableViewSearch/Pods-AlamofireApiTableViewSearch-frameworks-${CONFIGURATION}-input-files.xcfilelist",
			);
			name = "[CP] Embed Pods Frameworks";
			outputFileListPaths = (
				"${PODS_ROOT}/Target Support Files/Pods-AlamofireApiTableViewSearch/Pods-AlamofireApiTableViewSearch-frameworks-${CONFIGURATION}-output-files.xcfilelist",
			);
			runOnlyForDeploymentPostprocessing = 0;
			shellPath = /bin/sh;
			shellScript = "\"${PODS_ROOT}/Target Support Files/Pods-AlamofireApiTableViewSearch/Pods-AlamofireApiTableViewSearch-frameworks.sh\"\n";
			showEnvVarsInLog = 0;
		};
		562DA876C13093C93121C031 /* [CP] Check Pods Manifest.lock */ = {
			isa = PBXShellScriptBuildPhase;
			buildActionMask = 2147483647;
			files = (
			);
			inputFileListPaths = (
			);
			inputPaths = (
				"${PODS_PODFILE_DIR_PATH}/Podfile.lock",
				"${PODS_ROOT}/Manifest.lock",
			);
			name = "[CP] Check Pods Manifest.lock";
			outputFileListPaths = (
			);
			outputPaths = (
				"$(DERIVED_FILE_DIR)/Pods-AlamofireApiTableViewSearch-checkManifestLockResult.txt",
			);
			runOnlyForDeploymentPostprocessing = 0;
			shellPath = /bin/sh;
			shellScript = "diff \"${PODS_PODFILE_DIR_PATH}/Podfile.lock\" \"${PODS_ROOT}/Manifest.lock\" > /dev/null\nif [ $? != 0 ] ; then\n    # print error to STDERR\n    echo \"error: The sandbox is not in sync with the Podfile.lock. Run 'pod install' or update your CocoaPods installation.\" >&2\n    exit 1\nfi\n# This output is used by Xcode 'outputs' to avoid re-running this script phase.\necho \"SUCCESS\" > \"${SCRIPT_OUTPUT_FILE_0}\"\n";
			showEnvVarsInLog = 0;
		};
/* End PBXShellScriptBuildPhase section */

/* Begin PBXSourcesBuildPhase section */
		EC9CCB4429124D1E006C9D35 /* Sources */ = {
			isa = PBXSourcesBuildPhase;
			buildActionMask = 2147483647;
			files = (
				EC9CCB6929125495006C9D35 /* CustomTableViewCell.swift in Sources */,
				EC9CCB4C29124D1E006C9D35 /* AppDelegate.swift in Sources */,
				ECCDC1122919AA6300E88C34 /* MainViewController.swift in Sources */,
				ECCDC1102919AA5300E88C34 /* MainPresenter.swift in Sources */,
				EC9CCB672912544F006C9D35 /* Characters.swift in Sources */,
				EC37D25D2912B4F700FF3417 /* Metric.swift in Sources */,
				EC37D25A2912A78200FF3417 /* UILabel + Extensoins.swift in Sources */,
				EC9CCB71291278D1006C9D35 /* DetailViewController.swift in Sources */,
				ECBF2BE1291A6F5A00E3174A /* DetailPresenter.swift in Sources */,
			);
			runOnlyForDeploymentPostprocessing = 0;
		};
/* End PBXSourcesBuildPhase section */

/* Begin PBXVariantGroup section */
		EC9CCB5629124D1F006C9D35 /* LaunchScreen.storyboard */ = {
			isa = PBXVariantGroup;
			children = (
				EC9CCB5729124D1F006C9D35 /* Base */,
			);
			name = LaunchScreen.storyboard;
			sourceTree = "<group>";
		};
/* End PBXVariantGroup section */

/* Begin XCBuildConfiguration section */
		EC9CCB5A29124D1F006C9D35 /* Debug */ = {
			isa = XCBuildConfiguration;
			buildSettings = {
				ALWAYS_SEARCH_USER_PATHS = NO;
				CLANG_ANALYZER_NONNULL = YES;
				CLANG_ANALYZER_NUMBER_OBJECT_CONVERSION = YES_AGGRESSIVE;
				CLANG_CXX_LANGUAGE_STANDARD = "gnu++20";
				CLANG_ENABLE_MODULES = YES;
				CLANG_ENABLE_OBJC_ARC = YES;
				CLANG_ENABLE_OBJC_WEAK = YES;
				CLANG_WARN_BLOCK_CAPTURE_AUTORELEASING = YES;
				CLANG_WARN_BOOL_CONVERSION = YES;
				CLANG_WARN_COMMA = YES;
				CLANG_WARN_CONSTANT_CONVERSION = YES;
				CLANG_WARN_DEPRECATED_OBJC_IMPLEMENTATIONS = YES;
				CLANG_WARN_DIRECT_OBJC_ISA_USAGE = YES_ERROR;
				CLANG_WARN_DOCUMENTATION_COMMENTS = YES;
				CLANG_WARN_EMPTY_BODY = YES;
				CLANG_WARN_ENUM_CONVERSION = YES;
				CLANG_WARN_INFINITE_RECURSION = YES;
				CLANG_WARN_INT_CONVERSION = YES;
				CLANG_WARN_NON_LITERAL_NULL_CONVERSION = YES;
				CLANG_WARN_OBJC_IMPLICIT_RETAIN_SELF = YES;
				CLANG_WARN_OBJC_LITERAL_CONVERSION = YES;
				CLANG_WARN_OBJC_ROOT_CLASS = YES_ERROR;
				CLANG_WARN_QUOTED_INCLUDE_IN_FRAMEWORK_HEADER = YES;
				CLANG_WARN_RANGE_LOOP_ANALYSIS = YES;
				CLANG_WARN_STRICT_PROTOTYPES = YES;
				CLANG_WARN_SUSPICIOUS_MOVE = YES;
				CLANG_WARN_UNGUARDED_AVAILABILITY = YES_AGGRESSIVE;
				CLANG_WARN_UNREACHABLE_CODE = YES;
				CLANG_WARN__DUPLICATE_METHOD_MATCH = YES;
				COPY_PHASE_STRIP = NO;
				DEBUG_INFORMATION_FORMAT = dwarf;
				ENABLE_STRICT_OBJC_MSGSEND = YES;
				ENABLE_TESTABILITY = YES;
				GCC_C_LANGUAGE_STANDARD = gnu11;
				GCC_DYNAMIC_NO_PIC = NO;
				GCC_NO_COMMON_BLOCKS = YES;
				GCC_OPTIMIZATION_LEVEL = 0;
				GCC_PREPROCESSOR_DEFINITIONS = (
					"DEBUG=1",
					"$(inherited)",
				);
				GCC_WARN_64_TO_32_BIT_CONVERSION = YES;
				GCC_WARN_ABOUT_RETURN_TYPE = YES_ERROR;
				GCC_WARN_UNDECLARED_SELECTOR = YES;
				GCC_WARN_UNINITIALIZED_AUTOS = YES_AGGRESSIVE;
				GCC_WARN_UNUSED_FUNCTION = YES;
				GCC_WARN_UNUSED_VARIABLE = YES;
				IPHONEOS_DEPLOYMENT_TARGET = 16.0;
				MTL_ENABLE_DEBUG_INFO = INCLUDE_SOURCE;
				MTL_FAST_MATH = YES;
				ONLY_ACTIVE_ARCH = YES;
				SDKROOT = iphoneos;
				SWIFT_ACTIVE_COMPILATION_CONDITIONS = DEBUG;
				SWIFT_OPTIMIZATION_LEVEL = "-Onone";
			};
			name = Debug;
		};
		EC9CCB5B29124D1F006C9D35 /* Release */ = {
			isa = XCBuildConfiguration;
			buildSettings = {
				ALWAYS_SEARCH_USER_PATHS = NO;
				CLANG_ANALYZER_NONNULL = YES;
				CLANG_ANALYZER_NUMBER_OBJECT_CONVERSION = YES_AGGRESSIVE;
				CLANG_CXX_LANGUAGE_STANDARD = "gnu++20";
				CLANG_ENABLE_MODULES = YES;
				CLANG_ENABLE_OBJC_ARC = YES;
				CLANG_ENABLE_OBJC_WEAK = YES;
				CLANG_WARN_BLOCK_CAPTURE_AUTORELEASING = YES;
				CLANG_WARN_BOOL_CONVERSION = YES;
				CLANG_WARN_COMMA = YES;
				CLANG_WARN_CONSTANT_CONVERSION = YES;
				CLANG_WARN_DEPRECATED_OBJC_IMPLEMENTATIONS = YES;
				CLANG_WARN_DIRECT_OBJC_ISA_USAGE = YES_ERROR;
				CLANG_WARN_DOCUMENTATION_COMMENTS = YES;
				CLANG_WARN_EMPTY_BODY = YES;
				CLANG_WARN_ENUM_CONVERSION = YES;
				CLANG_WARN_INFINITE_RECURSION = YES;
				CLANG_WARN_INT_CONVERSION = YES;
				CLANG_WARN_NON_LITERAL_NULL_CONVERSION = YES;
				CLANG_WARN_OBJC_IMPLICIT_RETAIN_SELF = YES;
				CLANG_WARN_OBJC_LITERAL_CONVERSION = YES;
				CLANG_WARN_OBJC_ROOT_CLASS = YES_ERROR;
				CLANG_WARN_QUOTED_INCLUDE_IN_FRAMEWORK_HEADER = YES;
				CLANG_WARN_RANGE_LOOP_ANALYSIS = YES;
				CLANG_WARN_STRICT_PROTOTYPES = YES;
				CLANG_WARN_SUSPICIOUS_MOVE = YES;
				CLANG_WARN_UNGUARDED_AVAILABILITY = YES_AGGRESSIVE;
				CLANG_WARN_UNREACHABLE_CODE = YES;
				CLANG_WARN__DUPLICATE_METHOD_MATCH = YES;
				COPY_PHASE_STRIP = NO;
				DEBUG_INFORMATION_FORMAT = "dwarf-with-dsym";
				ENABLE_NS_ASSERTIONS = NO;
				ENABLE_STRICT_OBJC_MSGSEND = YES;
				GCC_C_LANGUAGE_STANDARD = gnu11;
				GCC_NO_COMMON_BLOCKS = YES;
				GCC_WARN_64_TO_32_BIT_CONVERSION = YES;
				GCC_WARN_ABOUT_RETURN_TYPE = YES_ERROR;
				GCC_WARN_UNDECLARED_SELECTOR = YES;
				GCC_WARN_UNINITIALIZED_AUTOS = YES_AGGRESSIVE;
				GCC_WARN_UNUSED_FUNCTION = YES;
				GCC_WARN_UNUSED_VARIABLE = YES;
				IPHONEOS_DEPLOYMENT_TARGET = 16.0;
				MTL_ENABLE_DEBUG_INFO = NO;
				MTL_FAST_MATH = YES;
				SDKROOT = iphoneos;
				SWIFT_COMPILATION_MODE = wholemodule;
				SWIFT_OPTIMIZATION_LEVEL = "-O";
				VALIDATE_PRODUCT = YES;
			};
			name = Release;
		};
		EC9CCB5D29124D1F006C9D35 /* Debug */ = {
			isa = XCBuildConfiguration;
			baseConfigurationReference = 968E4EE27AB25A27F55AB744 /* Pods-AlamofireApiTableViewSearch.debug.xcconfig */;
			buildSettings = {
				ASSETCATALOG_COMPILER_APPICON_NAME = AppIcon;
				ASSETCATALOG_COMPILER_GLOBAL_ACCENT_COLOR_NAME = AccentColor;
				CODE_SIGN_STYLE = Automatic;
				CURRENT_PROJECT_VERSION = 1;
				DEVELOPMENT_TEAM = 3496F3A4HL;
				GENERATE_INFOPLIST_FILE = YES;
				INFOPLIST_FILE = AlamofireApiTableViewSearch/Resources/Info.plist;
				INFOPLIST_KEY_UIApplicationSupportsIndirectInputEvents = YES;
				INFOPLIST_KEY_UILaunchStoryboardName = LaunchScreen;
				INFOPLIST_KEY_UISupportedInterfaceOrientations_iPad = "UIInterfaceOrientationPortrait UIInterfaceOrientationPortraitUpsideDown UIInterfaceOrientationLandscapeLeft UIInterfaceOrientationLandscapeRight";
				INFOPLIST_KEY_UISupportedInterfaceOrientations_iPhone = "UIInterfaceOrientationPortrait UIInterfaceOrientationLandscapeLeft UIInterfaceOrientationLandscapeRight";
				IPHONEOS_DEPLOYMENT_TARGET = 16.0;
				LD_RUNPATH_SEARCH_PATHS = (
					"$(inherited)",
					"@executable_path/Frameworks",
				);
				MARKETING_VERSION = 1.0;
				PRODUCT_BUNDLE_IDENTIFIER = com.my.AlamofireApiTableViewSearch;
				PRODUCT_NAME = "$(TARGET_NAME)";
				SUPPORTED_PLATFORMS = "iphoneos iphonesimulator";
				SUPPORTS_MACCATALYST = NO;
				SUPPORTS_MAC_DESIGNED_FOR_IPHONE_IPAD = NO;
				SWIFT_EMIT_LOC_STRINGS = YES;
				SWIFT_VERSION = 5.0;
				TARGETED_DEVICE_FAMILY = 1;
			};
			name = Debug;
		};
		EC9CCB5E29124D1F006C9D35 /* Release */ = {
			isa = XCBuildConfiguration;
			baseConfigurationReference = FE6425BA6240162473B4B887 /* Pods-AlamofireApiTableViewSearch.release.xcconfig */;
			buildSettings = {
				ASSETCATALOG_COMPILER_APPICON_NAME = AppIcon;
				ASSETCATALOG_COMPILER_GLOBAL_ACCENT_COLOR_NAME = AccentColor;
				CODE_SIGN_STYLE = Automatic;
				CURRENT_PROJECT_VERSION = 1;
				DEVELOPMENT_TEAM = 3496F3A4HL;
				GENERATE_INFOPLIST_FILE = YES;
				INFOPLIST_FILE = AlamofireApiTableViewSearch/Resources/Info.plist;
				INFOPLIST_KEY_UIApplicationSupportsIndirectInputEvents = YES;
				INFOPLIST_KEY_UILaunchStoryboardName = LaunchScreen;
				INFOPLIST_KEY_UISupportedInterfaceOrientations_iPad = "UIInterfaceOrientationPortrait UIInterfaceOrientationPortraitUpsideDown UIInterfaceOrientationLandscapeLeft UIInterfaceOrientationLandscapeRight";
				INFOPLIST_KEY_UISupportedInterfaceOrientations_iPhone = "UIInterfaceOrientationPortrait UIInterfaceOrientationLandscapeLeft UIInterfaceOrientationLandscapeRight";
				IPHONEOS_DEPLOYMENT_TARGET = 16.0;
				LD_RUNPATH_SEARCH_PATHS = (
					"$(inherited)",
					"@executable_path/Frameworks",
				);
				MARKETING_VERSION = 1.0;
				PRODUCT_BUNDLE_IDENTIFIER = com.my.AlamofireApiTableViewSearch;
				PRODUCT_NAME = "$(TARGET_NAME)";
				SUPPORTED_PLATFORMS = "iphoneos iphonesimulator";
				SUPPORTS_MACCATALYST = NO;
				SUPPORTS_MAC_DESIGNED_FOR_IPHONE_IPAD = NO;
				SWIFT_EMIT_LOC_STRINGS = YES;
				SWIFT_VERSION = 5.0;
				TARGETED_DEVICE_FAMILY = 1;
			};
			name = Release;
		};
/* End XCBuildConfiguration section */

/* Begin XCConfigurationList section */
		EC9CCB4329124D1E006C9D35 /* Build configuration list for PBXProject "AlamofireApiTableViewSearch" */ = {
			isa = XCConfigurationList;
			buildConfigurations = (
				EC9CCB5A29124D1F006C9D35 /* Debug */,
				EC9CCB5B29124D1F006C9D35 /* Release */,
			);
			defaultConfigurationIsVisible = 0;
			defaultConfigurationName = Release;
		};
		EC9CCB5C29124D1F006C9D35 /* Build configuration list for PBXNativeTarget "AlamofireApiTableViewSearch" */ = {
			isa = XCConfigurationList;
			buildConfigurations = (
				EC9CCB5D29124D1F006C9D35 /* Debug */,
				EC9CCB5E29124D1F006C9D35 /* Release */,
			);
			defaultConfigurationIsVisible = 0;
			defaultConfigurationName = Release;
		};
/* End XCConfigurationList section */
	};
	rootObject = EC9CCB4029124D1E006C9D35 /* Project object */;
}
